
Microsoft Visual Studio Solution File, Format Version 12.00
# Visual Studio Version 17
VisualStudioVersion = 17.1.32421.90
MinimumVisualStudioVersion = 10.0.40219.1
Project("{FAE04EC0-301F-11D3-BF4B-00C04F79EFBC}") = "DevIO.AppMvc", "DevIO.AppMvc\DevIO.AppMvc.csproj", "{20054810-C896-4DAF-B2FC-CD787F16DE68}"
EndProject
Project("{FAE04EC0-301F-11D3-BF4B-00C04F79EFBC}") = "DevIO.Business", "src\DevIO.Business\DevIO.Business.csproj", "{9C7659CB-BB52-44E5-931B-28DB77830827}"
EndProject
Project("{FAE04EC0-301F-11D3-BF4B-00C04F79EFBC}") = "DevIO.Infra", "DevIO.Infra\DevIO.Infra.csproj", "{FE34EAB7-91AD-4F2C-8E4F-7BEE046F1143}"
EndProject
Global
	GlobalSection(SolutionConfigurationPlatforms) = preSolution
		Debug|Any CPU = Debug|Any CPU
		Release|Any CPU = Release|Any CPU
	EndGlobalSection
	GlobalSection(ProjectConfigurationPlatforms) = postSolution
		{20054810-C896-4DAF-B2FC-CD787F16DE68}.Debug|Any CPU.ActiveCfg = Debug|Any CPU
		{20054810-C896-4DAF-B2FC-CD787F16DE68}.Debug|Any CPU.Build.0 = Debug|Any CPU
		{20054810-C896-4DAF-B2FC-CD787F16DE68}.Release|Any CPU.ActiveCfg = Release|Any CPU
		{20054810-C896-4DAF-B2FC-CD787F16DE68}.Release|Any CPU.Build.0 = Release|Any CPU
		{9C7659CB-BB52-44E5-931B-28DB77830827}.Debug|Any CPU.ActiveCfg = Debug|Any CPU
		{9C7659CB-BB52-44E5-931B-28DB77830827}.Debug|Any CPU.Build.0 = Debug|Any CPU
		{9C7659CB-BB52-44E5-931B-28DB77830827}.Release|Any CPU.ActiveCfg = Release|Any CPU
		{9C7659CB-BB52-44E5-931B-28DB77830827}.Release|Any CPU.Build.0 = Release|Any CPU
		{FE34EAB7-91AD-4F2C-8E4F-7BEE046F1143}.Debug|Any CPU.ActiveCfg = Debug|Any CPU
		{FE34EAB7-91AD-4F2C-8E4F-7BEE046F1143}.Debug|Any CPU.Build.0 = Debug|Any CPU
		{FE34EAB7-91AD-4F2C-8E4F-7BEE046F1143}.Release|Any CPU.ActiveCfg = Release|Any CPU
		{FE34EAB7-91AD-4F2C-8E4F-7BEE046F1143}.Release|Any CPU.Build.0 = Release|Any CPU
	EndGlobalSection
	GlobalSection(SolutionProperties) = preSolution
		HideSolutionNode = FALSE
	EndGlobalSection
	GlobalSection(ExtensibilityGlobals) = postSolution
		SolutionGuid = {BB29DB0F-9F42-44A4-9572-0B288F11E376}
	EndGlobalSection
EndGlobal
